
Microsoft Visual Studio Solution File, Format Version 12.00
# Visual Studio Version 16
VisualStudioVersion = 16.0.30128.74
MinimumVisualStudioVersion = 10.0.40219.1
Project("{FAE04EC0-301F-11D3-BF4B-00C04F79EFBC}") = "CustomPath", "CustomPath.csproj", "{4F70184B-664B-4C10-9FF5-2B1C335817DE}"
EndProject
Global
	GlobalSection(SolutionConfigurationPlatforms) = preSolution
		Debug|Any CPU = Debug|Any CPU
		Release|Any CPU = Release|Any CPU
	EndGlobalSection
	GlobalSection(ProjectConfigurationPlatforms) = postSolution
		{4F70184B-664B-4C10-9FF5-2B1C335817DE}.Debug|Any CPU.ActiveCfg = Debug|Any CPU
		{4F70184B-664B-4C10-9FF5-2B1C335817DE}.Debug|Any CPU.Build.0 = Debug|Any CPU
		{4F70184B-664B-4C10-9FF5-2B1C335817DE}.Release|Any CPU.ActiveCfg = Release|Any CPU
		{4F70184B-664B-4C10-9FF5-2B1C335817DE}.Release|Any CPU.Build.0 = Release|Any CPU
	EndGlobalSection
	GlobalSection(SolutionProperties) = preSolution
		HideSolutionNode = FALSE
	EndGlobalSection
	GlobalSection(ExtensibilityGlobals) = postSolution
		SolutionGuid = {A676BC86-199F-40F7-AF0D-6E763CC76DFD}
	EndGlobalSection
EndGlobal
